{
  "requires": true,
  "lockfileVersion": 1,
  "dependencies": {
    "react-moment": {
      "version": "0.9.7",
      "resolved": "https://registry.npmjs.org/react-moment/-/react-moment-0.9.7.tgz",
      "integrity": "sha512-ifzUrUGF6KRsUN2pRG5k56kO0mJBr8kRkWb0wNvtFIsBIxOuPxhUpL1YlXwpbQCbHq23hUu6A0VEk64HsFxk9g=="
    }
  }
}
